
Microsoft Visual Studio Solution File, Format Version 12.00
# Visual Studio Version 16
VisualStudioVersion = 16.0.31005.135
MinimumVisualStudioVersion = 10.0.40219.1
Project("{FAE04EC0-301F-11D3-BF4B-00C04F79EFBC}") = "ETrade.Business", "ETrade.Business\ETrade.Business.csproj", "{84C53A2D-FCAD-4D11-A22E-55E8DEFB7BCA}"
EndProject
Project("{FAE04EC0-301F-11D3-BF4B-00C04F79EFBC}") = "ETrade.Entities", "ETrade.Entities\ETrade.Entities.csproj", "{4A056C58-6CF5-4DE1-A97A-61D05B2808AB}"
EndProject
Project("{FAE04EC0-301F-11D3-BF4B-00C04F79EFBC}") = "ETrade.Core", "ETrade.Core\ETrade.Core.csproj", "{31A17F0F-1E06-485F-AAC2-44B951A3C10F}"
EndProject
Project("{FAE04EC0-301F-11D3-BF4B-00C04F79EFBC}") = "ETrade.DataAccess", "ETrade.DataAccess\ETrade.DataAccess.csproj", "{7D7BDA4C-2926-4601-B6A7-BA3551299613}"
EndProject
Project("{FAE04EC0-301F-11D3-BF4B-00C04F79EFBC}") = "ETrade.WebFormsUI", "ETrade.WebFormsUI\ETrade.WebFormsUI.csproj", "{F9A9C67E-E55C-4F76-B17F-643FB2196E82}"
EndProject
Global
	GlobalSection(SolutionConfigurationPlatforms) = preSolution
		Debug|Any CPU = Debug|Any CPU
		Release|Any CPU = Release|Any CPU
	EndGlobalSection
	GlobalSection(ProjectConfigurationPlatforms) = postSolution
		{84C53A2D-FCAD-4D11-A22E-55E8DEFB7BCA}.Debug|Any CPU.ActiveCfg = Debug|Any CPU
		{84C53A2D-FCAD-4D11-A22E-55E8DEFB7BCA}.Debug|Any CPU.Build.0 = Debug|Any CPU
		{84C53A2D-FCAD-4D11-A22E-55E8DEFB7BCA}.Release|Any CPU.ActiveCfg = Release|Any CPU
		{84C53A2D-FCAD-4D11-A22E-55E8DEFB7BCA}.Release|Any CPU.Build.0 = Release|Any CPU
		{4A056C58-6CF5-4DE1-A97A-61D05B2808AB}.Debug|Any CPU.ActiveCfg = Debug|Any CPU
		{4A056C58-6CF5-4DE1-A97A-61D05B2808AB}.Debug|Any CPU.Build.0 = Debug|Any CPU
		{4A056C58-6CF5-4DE1-A97A-61D05B2808AB}.Release|Any CPU.ActiveCfg = Release|Any CPU
		{4A056C58-6CF5-4DE1-A97A-61D05B2808AB}.Release|Any CPU.Build.0 = Release|Any CPU
		{31A17F0F-1E06-485F-AAC2-44B951A3C10F}.Debug|Any CPU.ActiveCfg = Debug|Any CPU
		{31A17F0F-1E06-485F-AAC2-44B951A3C10F}.Debug|Any CPU.Build.0 = Debug|Any CPU
		{31A17F0F-1E06-485F-AAC2-44B951A3C10F}.Release|Any CPU.ActiveCfg = Release|Any CPU
		{31A17F0F-1E06-485F-AAC2-44B951A3C10F}.Release|Any CPU.Build.0 = Release|Any CPU
		{7D7BDA4C-2926-4601-B6A7-BA3551299613}.Debug|Any CPU.ActiveCfg = Debug|Any CPU
		{7D7BDA4C-2926-4601-B6A7-BA3551299613}.Debug|Any CPU.Build.0 = Debug|Any CPU
		{7D7BDA4C-2926-4601-B6A7-BA3551299613}.Release|Any CPU.ActiveCfg = Release|Any CPU
		{7D7BDA4C-2926-4601-B6A7-BA3551299613}.Release|Any CPU.Build.0 = Release|Any CPU
		{F9A9C67E-E55C-4F76-B17F-643FB2196E82}.Debug|Any CPU.ActiveCfg = Debug|Any CPU
		{F9A9C67E-E55C-4F76-B17F-643FB2196E82}.Debug|Any CPU.Build.0 = Debug|Any CPU
		{F9A9C67E-E55C-4F76-B17F-643FB2196E82}.Release|Any CPU.ActiveCfg = Release|Any CPU
		{F9A9C67E-E55C-4F76-B17F-643FB2196E82}.Release|Any CPU.Build.0 = Release|Any CPU
	EndGlobalSection
	GlobalSection(SolutionProperties) = preSolution
		HideSolutionNode = FALSE
	EndGlobalSection
	GlobalSection(ExtensibilityGlobals) = postSolution
		SolutionGuid = {9C497854-5D43-4DCE-A32E-501AA4FACB4B}
	EndGlobalSection
EndGlobal
